
Microsoft Visual Studio Solution File, Format Version 12.00
# Visual Studio Version 16
VisualStudioVersion = 16.0.33214.272
MinimumVisualStudioVersion = 10.0.40219.1
Project("{FAE04EC0-301F-11D3-BF4B-00C04F79EFBC}") = "MeuPrimeiroProjetoMVC", "MeuPrimeiroProjetoMVC\MeuPrimeiroProjetoMVC.csproj", "{881635C1-82CE-4052-9EEE-F01D406C6F52}"
EndProject
Global
	GlobalSection(SolutionConfigurationPlatforms) = preSolution
		Debug|Any CPU = Debug|Any CPU
		Release|Any CPU = Release|Any CPU
	EndGlobalSection
	GlobalSection(ProjectConfigurationPlatforms) = postSolution
		{881635C1-82CE-4052-9EEE-F01D406C6F52}.Debug|Any CPU.ActiveCfg = Debug|Any CPU
		{881635C1-82CE-4052-9EEE-F01D406C6F52}.Debug|Any CPU.Build.0 = Debug|Any CPU
		{881635C1-82CE-4052-9EEE-F01D406C6F52}.Release|Any CPU.ActiveCfg = Release|Any CPU
		{881635C1-82CE-4052-9EEE-F01D406C6F52}.Release|Any CPU.Build.0 = Release|Any CPU
	EndGlobalSection
	GlobalSection(SolutionProperties) = preSolution
		HideSolutionNode = FALSE
	EndGlobalSection
	GlobalSection(ExtensibilityGlobals) = postSolution
		SolutionGuid = {4CC996F8-4B6B-4DF7-B34D-60C104CD9F57}
	EndGlobalSection
EndGlobal
